
Microsoft Visual Studio Solution File, Format Version 12.00
# Visual Studio Version 17
VisualStudioVersion = 17.8.34330.188
MinimumVisualStudioVersion = 10.0.40219.1
Project("{9A19103F-16F7-4668-BE54-9A1E7A4F7556}") = "QuickFireApi", "QuickFireApi\QuickFireApi.csproj", "{141DAAD9-B301-404F-9B3E-DAA4ED1DB525}"
EndProject
Project("{9A19103F-16F7-4668-BE54-9A1E7A4F7556}") = "QuickFire.Models", "QuickFireApi.Models\QuickFire.Models.csproj", "{DD7BB5EA-A56D-4216-A6B5-27824458844F}"
EndProject
Project("{2150E333-8FDC-42A3-9474-1A3956D46DE8}") = "Solution Items", "Solution Items", "{33D8E23B-60F7-493E-ABB9-53A952AEF9F8}"
	ProjectSection(SolutionItems) = preProject
		.editorconfig = .editorconfig
	EndProjectSection
EndProject
Project("{9A19103F-16F7-4668-BE54-9A1E7A4F7556}") = "QuickFireApi.Core", "QuickFireApi.Core\QuickFireApi.Core.csproj", "{88BFAF8F-23A5-4308-ADFE-DC477C0A8416}"
EndProject
Project("{9A19103F-16F7-4668-BE54-9A1E7A4F7556}") = "QuickFire.Infrastructure", "QuickFireApi.Infrastructure\QuickFire.Infrastructure.csproj", "{0248C09F-E159-431A-B0B8-F84C815274A0}"
EndProject
Project("{2150E333-8FDC-42A3-9474-1A3956D46DE8}") = "QuickFire.Extensions", "QuickFire.Extensions", "{0BC51CC7-EB46-4FE5-82D6-E4EC30ECB8A4}"
EndProject
Project("{9A19103F-16F7-4668-BE54-9A1E7A4F7556}") = "QuickFire.Extensions.RedisCache", "QuickFire.RedisCache\QuickFire.Extensions.RedisCache.csproj", "{A580E69D-299C-49FA-B073-91F9F1FC8BC8}"
EndProject
Project("{9A19103F-16F7-4668-BE54-9A1E7A4F7556}") = "QuickFire.Extensions.MemoryCache", "QuickFire.MemoryCache\QuickFire.Extensions.MemoryCache.csproj", "{05D9A575-CA73-4D61-B8D1-1AC2D02C14EE}"
EndProject
Project("{9A19103F-16F7-4668-BE54-9A1E7A4F7556}") = "QuickFire.Extensions.Interface", "QuickFire.Extensions.Interface\QuickFire.Extensions.Interface.csproj", "{E44C20F3-7AB0-4B7F-A9B5-73DC3A87C4C4}"
EndProject
Project("{9A19103F-16F7-4668-BE54-9A1E7A4F7556}") = "QuickFire.Extensions.Quartz", "QuickFire.Extensions.Quartz\QuickFire.Extensions.Quartz.csproj", "{06A629F3-EEC6-4CDF-A5A2-CD611A2E4BF5}"
EndProject
Project("{9A19103F-16F7-4668-BE54-9A1E7A4F7556}") = "QuickFire.Extensions.Localization", "QuickFire.Extensions.Localization\QuickFire.Extensions.Localization.csproj", "{B23D7213-9A02-4C38-AF81-ABE6E6073864}"
EndProject
Project("{FAE04EC0-301F-11D3-BF4B-00C04F79EFBC}") = "QuickFire.EventBus", "QuickFire.EventBus\QuickFire.EventBus.csproj", "{A1758146-091E-481F-8D37-62E0AB18E24F}"
EndProject
Global
	GlobalSection(SolutionConfigurationPlatforms) = preSolution
		Debug|Any CPU = Debug|Any CPU
		Release|Any CPU = Release|Any CPU
	EndGlobalSection
	GlobalSection(ProjectConfigurationPlatforms) = postSolution
		{141DAAD9-B301-404F-9B3E-DAA4ED1DB525}.Debug|Any CPU.ActiveCfg = Debug|Any CPU
		{141DAAD9-B301-404F-9B3E-DAA4ED1DB525}.Debug|Any CPU.Build.0 = Debug|Any CPU
		{141DAAD9-B301-404F-9B3E-DAA4ED1DB525}.Release|Any CPU.ActiveCfg = Release|Any CPU
		{141DAAD9-B301-404F-9B3E-DAA4ED1DB525}.Release|Any CPU.Build.0 = Release|Any CPU
		{DD7BB5EA-A56D-4216-A6B5-27824458844F}.Debug|Any CPU.ActiveCfg = Debug|Any CPU
		{DD7BB5EA-A56D-4216-A6B5-27824458844F}.Debug|Any CPU.Build.0 = Debug|Any CPU
		{DD7BB5EA-A56D-4216-A6B5-27824458844F}.Release|Any CPU.ActiveCfg = Release|Any CPU
		{DD7BB5EA-A56D-4216-A6B5-27824458844F}.Release|Any CPU.Build.0 = Release|Any CPU
		{88BFAF8F-23A5-4308-ADFE-DC477C0A8416}.Debug|Any CPU.ActiveCfg = Debug|Any CPU
		{88BFAF8F-23A5-4308-ADFE-DC477C0A8416}.Debug|Any CPU.Build.0 = Debug|Any CPU
		{88BFAF8F-23A5-4308-ADFE-DC477C0A8416}.Release|Any CPU.ActiveCfg = Release|Any CPU
		{88BFAF8F-23A5-4308-ADFE-DC477C0A8416}.Release|Any CPU.Build.0 = Release|Any CPU
		{0248C09F-E159-431A-B0B8-F84C815274A0}.Debug|Any CPU.ActiveCfg = Debug|Any CPU
		{0248C09F-E159-431A-B0B8-F84C815274A0}.Debug|Any CPU.Build.0 = Debug|Any CPU
		{0248C09F-E159-431A-B0B8-F84C815274A0}.Release|Any CPU.ActiveCfg = Release|Any CPU
		{0248C09F-E159-431A-B0B8-F84C815274A0}.Release|Any CPU.Build.0 = Release|Any CPU
		{A580E69D-299C-49FA-B073-91F9F1FC8BC8}.Debug|Any CPU.ActiveCfg = Debug|Any CPU
		{A580E69D-299C-49FA-B073-91F9F1FC8BC8}.Debug|Any CPU.Build.0 = Debug|Any CPU
		{A580E69D-299C-49FA-B073-91F9F1FC8BC8}.Release|Any CPU.ActiveCfg = Release|Any CPU
		{A580E69D-299C-49FA-B073-91F9F1FC8BC8}.Release|Any CPU.Build.0 = Release|Any CPU
		{05D9A575-CA73-4D61-B8D1-1AC2D02C14EE}.Debug|Any CPU.ActiveCfg = Debug|Any CPU
		{05D9A575-CA73-4D61-B8D1-1AC2D02C14EE}.Debug|Any CPU.Build.0 = Debug|Any CPU
		{05D9A575-CA73-4D61-B8D1-1AC2D02C14EE}.Release|Any CPU.ActiveCfg = Release|Any CPU
		{05D9A575-CA73-4D61-B8D1-1AC2D02C14EE}.Release|Any CPU.Build.0 = Release|Any CPU
		{E44C20F3-7AB0-4B7F-A9B5-73DC3A87C4C4}.Debug|Any CPU.ActiveCfg = Debug|Any CPU
		{E44C20F3-7AB0-4B7F-A9B5-73DC3A87C4C4}.Debug|Any CPU.Build.0 = Debug|Any CPU
		{E44C20F3-7AB0-4B7F-A9B5-73DC3A87C4C4}.Release|Any CPU.ActiveCfg = Release|Any CPU
		{E44C20F3-7AB0-4B7F-A9B5-73DC3A87C4C4}.Release|Any CPU.Build.0 = Release|Any CPU
		{06A629F3-EEC6-4CDF-A5A2-CD611A2E4BF5}.Debug|Any CPU.ActiveCfg = Debug|Any CPU
		{06A629F3-EEC6-4CDF-A5A2-CD611A2E4BF5}.Debug|Any CPU.Build.0 = Debug|Any CPU
		{06A629F3-EEC6-4CDF-A5A2-CD611A2E4BF5}.Release|Any CPU.ActiveCfg = Release|Any CPU
		{06A629F3-EEC6-4CDF-A5A2-CD611A2E4BF5}.Release|Any CPU.Build.0 = Release|Any CPU
		{B23D7213-9A02-4C38-AF81-ABE6E6073864}.Debug|Any CPU.ActiveCfg = Debug|Any CPU
		{B23D7213-9A02-4C38-AF81-ABE6E6073864}.Debug|Any CPU.Build.0 = Debug|Any CPU
		{B23D7213-9A02-4C38-AF81-ABE6E6073864}.Release|Any CPU.ActiveCfg = Release|Any CPU
		{B23D7213-9A02-4C38-AF81-ABE6E6073864}.Release|Any CPU.Build.0 = Release|Any CPU
		{A1758146-091E-481F-8D37-62E0AB18E24F}.Debug|Any CPU.ActiveCfg = Debug|Any CPU
		{A1758146-091E-481F-8D37-62E0AB18E24F}.Debug|Any CPU.Build.0 = Debug|Any CPU
		{A1758146-091E-481F-8D37-62E0AB18E24F}.Release|Any CPU.ActiveCfg = Release|Any CPU
		{A1758146-091E-481F-8D37-62E0AB18E24F}.Release|Any CPU.Build.0 = Release|Any CPU
	EndGlobalSection
	GlobalSection(SolutionProperties) = preSolution
		HideSolutionNode = FALSE
	EndGlobalSection
	GlobalSection(NestedProjects) = preSolution
		{A580E69D-299C-49FA-B073-91F9F1FC8BC8} = {0BC51CC7-EB46-4FE5-82D6-E4EC30ECB8A4}
		{05D9A575-CA73-4D61-B8D1-1AC2D02C14EE} = {0BC51CC7-EB46-4FE5-82D6-E4EC30ECB8A4}
		{E44C20F3-7AB0-4B7F-A9B5-73DC3A87C4C4} = {0BC51CC7-EB46-4FE5-82D6-E4EC30ECB8A4}
		{06A629F3-EEC6-4CDF-A5A2-CD611A2E4BF5} = {0BC51CC7-EB46-4FE5-82D6-E4EC30ECB8A4}
		{B23D7213-9A02-4C38-AF81-ABE6E6073864} = {0BC51CC7-EB46-4FE5-82D6-E4EC30ECB8A4}
	EndGlobalSection
	GlobalSection(ExtensibilityGlobals) = postSolution
		SolutionGuid = {79BF8878-5EA8-446C-A79D-1324F1393C33}
	EndGlobalSection
EndGlobal
