
Microsoft Visual Studio Solution File, Format Version 12.00
# Visual Studio Version 17
VisualStudioVersion = 17.8.34330.188
MinimumVisualStudioVersion = 10.0.40219.1
Project("{9A19103F-16F7-4668-BE54-9A1E7A4F7556}") = "QuickFireApi", "QuickFireApi\QuickFireApi.csproj", "{141DAAD9-B301-404F-9B3E-DAA4ED1DB525}"
EndProject
Project("{2150E333-8FDC-42A3-9474-1A3956D46DE8}") = "Solution Items", "Solution Items", "{33D8E23B-60F7-493E-ABB9-53A952AEF9F8}"
	ProjectSection(SolutionItems) = preProject
		.editorconfig = .editorconfig
	EndProjectSection
EndProject
Project("{2150E333-8FDC-42A3-9474-1A3956D46DE8}") = "Extensions", "Extensions", "{0BC51CC7-EB46-4FE5-82D6-E4EC30ECB8A4}"
EndProject
Project("{9A19103F-16F7-4668-BE54-9A1E7A4F7556}") = "QuickFire.Extensions.RedisCache", "QuickFire.RedisCache\QuickFire.Extensions.RedisCache.csproj", "{A580E69D-299C-49FA-B073-91F9F1FC8BC8}"
EndProject
Project("{9A19103F-16F7-4668-BE54-9A1E7A4F7556}") = "QuickFire.Extensions.MemoryCache", "QuickFire.MemoryCache\QuickFire.Extensions.MemoryCache.csproj", "{05D9A575-CA73-4D61-B8D1-1AC2D02C14EE}"
EndProject
Project("{9A19103F-16F7-4668-BE54-9A1E7A4F7556}") = "QuickFire.Extensions.Quartz", "QuickFire.Extensions.Quartz\QuickFire.Extensions.Quartz.csproj", "{06A629F3-EEC6-4CDF-A5A2-CD611A2E4BF5}"
EndProject
Project("{9A19103F-16F7-4668-BE54-9A1E7A4F7556}") = "QuickFire.Extensions.Localization", "QuickFire.Extensions.Localization\QuickFire.Extensions.Localization.csproj", "{B23D7213-9A02-4C38-AF81-ABE6E6073864}"
EndProject
Project("{9A19103F-16F7-4668-BE54-9A1E7A4F7556}") = "QuickFire.Extensions.SnowFlake", "QuickFire.Extensions.SnowFlake\QuickFire.Extensions.SnowFlake.csproj", "{E621D95B-F648-4BDE-A465-D278428E3BA8}"
EndProject
Project("{9A19103F-16F7-4668-BE54-9A1E7A4F7556}") = "QuickFire.Extensions.AuditLog", "QuickFire.Extensions.AuditLog\QuickFire.Extensions.AuditLog.csproj", "{28846677-1958-4E37-B9CB-79F3F400D261}"
EndProject
Project("{9A19103F-16F7-4668-BE54-9A1E7A4F7556}") = "QuickFire.Utils", "QuickFire.Utils\QuickFire.Utils.csproj", "{B55F64FB-38D0-48E8-85FA-732747CED9ED}"
EndProject
Project("{9A19103F-16F7-4668-BE54-9A1E7A4F7556}") = "QuickFire.Extensions.EventBus", "QuickFire.Extensions.EventBus\QuickFire.Extensions.EventBus.csproj", "{9137565A-DF1B-48DC-B1CC-A940DD1A2594}"
EndProject
Project("{2150E333-8FDC-42A3-9474-1A3956D46DE8}") = "EventBusHandlers", "EventBusHandlers", "{D79DDAD0-7111-4FD5-BDA0-3CE5312CD04A}"
EndProject
Project("{9A19103F-16F7-4668-BE54-9A1E7A4F7556}") = "EventBusHandlers.Test", "EventBusHandlers.Test\EventBusHandlers.Test.csproj", "{6395773C-4077-4F35-9132-001B33623EB1}"
EndProject
Project("{9A19103F-16F7-4668-BE54-9A1E7A4F7556}") = "QuickFire.Extensions.EFCoreCache", "QuickFire.Extensions.EFCoreCache\QuickFire.Extensions.EFCoreCache.csproj", "{CDA3450C-F3D8-4102-AC49-A8901703E22F}"
EndProject
Project("{9A19103F-16F7-4668-BE54-9A1E7A4F7556}") = "QuickFire.Application", "QuickFire.Application\QuickFire.Application.csproj", "{B0A1464E-36D2-47D3-90B0-EE787B7A1E2E}"
EndProject
Project("{9A19103F-16F7-4668-BE54-9A1E7A4F7556}") = "QuickFire.Domain", "QuickFire.Domain\QuickFire.Domain.csproj", "{235CB9C9-082F-4EEB-99A4-D63CCCEE56E1}"
EndProject
Project("{2150E333-8FDC-42A3-9474-1A3956D46DE8}") = "Domain", "Domain", "{4256C97E-D22E-4C3B-925E-7B349490C26A}"
EndProject
Project("{2150E333-8FDC-42A3-9474-1A3956D46DE8}") = "Infrastructure", "Infrastructure", "{C61D8553-A7BB-48F0-86FA-82F33AE52722}"
EndProject
Project("{2150E333-8FDC-42A3-9474-1A3956D46DE8}") = "Application", "Application", "{D4E20658-E3B7-447E-97BA-D0509C0E1932}"
EndProject
Project("{9A19103F-16F7-4668-BE54-9A1E7A4F7556}") = "QuickFire.Domain.Entity", "QuickFire.Domain.Entity\QuickFire.Domain.Entity.csproj", "{9261A047-169A-4C63-846B-108E23088E77}"
EndProject
Project("{9A19103F-16F7-4668-BE54-9A1E7A4F7556}") = "QuickFire.Infrastructure", "QuickFire.Infrastructure\QuickFire.Infrastructure.csproj", "{88B6A50A-1504-4615-BC43-275427F4197E}"
EndProject
Project("{9A19103F-16F7-4668-BE54-9A1E7A4F7556}") = "QuickFire.Core", "QuickFire.Core\QuickFire.Core.csproj", "{4A5A4C31-100D-4766-BE45-0BC7BFB2E402}"
EndProject
Project("{9A19103F-16F7-4668-BE54-9A1E7A4F7556}") = "QuickFire.Extensions.Core", "QuickFire.Extensions.Core\QuickFire.Extensions.Core.csproj", "{7CB64380-2C5A-4FE6-A214-4F66BEC6D5CF}"
EndProject
Project("{FAE04EC0-301F-11D3-BF4B-00C04F79EFBC}") = "QuickFire.Extensions.UserContext", "QuickFire.Extensions.UserContext\QuickFire.Extensions.UserContext.csproj", "{E4013B82-326D-47FA-82BF-44D08C10B80B}"
EndProject
Global
	GlobalSection(SolutionConfigurationPlatforms) = preSolution
		Debug|Any CPU = Debug|Any CPU
		Release|Any CPU = Release|Any CPU
	EndGlobalSection
	GlobalSection(ProjectConfigurationPlatforms) = postSolution
		{141DAAD9-B301-404F-9B3E-DAA4ED1DB525}.Debug|Any CPU.ActiveCfg = Debug|Any CPU
		{141DAAD9-B301-404F-9B3E-DAA4ED1DB525}.Debug|Any CPU.Build.0 = Debug|Any CPU
		{141DAAD9-B301-404F-9B3E-DAA4ED1DB525}.Release|Any CPU.ActiveCfg = Release|Any CPU
		{141DAAD9-B301-404F-9B3E-DAA4ED1DB525}.Release|Any CPU.Build.0 = Release|Any CPU
		{A580E69D-299C-49FA-B073-91F9F1FC8BC8}.Debug|Any CPU.ActiveCfg = Debug|Any CPU
		{A580E69D-299C-49FA-B073-91F9F1FC8BC8}.Debug|Any CPU.Build.0 = Debug|Any CPU
		{A580E69D-299C-49FA-B073-91F9F1FC8BC8}.Release|Any CPU.ActiveCfg = Release|Any CPU
		{A580E69D-299C-49FA-B073-91F9F1FC8BC8}.Release|Any CPU.Build.0 = Release|Any CPU
		{05D9A575-CA73-4D61-B8D1-1AC2D02C14EE}.Debug|Any CPU.ActiveCfg = Debug|Any CPU
		{05D9A575-CA73-4D61-B8D1-1AC2D02C14EE}.Debug|Any CPU.Build.0 = Debug|Any CPU
		{05D9A575-CA73-4D61-B8D1-1AC2D02C14EE}.Release|Any CPU.ActiveCfg = Release|Any CPU
		{05D9A575-CA73-4D61-B8D1-1AC2D02C14EE}.Release|Any CPU.Build.0 = Release|Any CPU
		{06A629F3-EEC6-4CDF-A5A2-CD611A2E4BF5}.Debug|Any CPU.ActiveCfg = Debug|Any CPU
		{06A629F3-EEC6-4CDF-A5A2-CD611A2E4BF5}.Debug|Any CPU.Build.0 = Debug|Any CPU
		{06A629F3-EEC6-4CDF-A5A2-CD611A2E4BF5}.Release|Any CPU.ActiveCfg = Release|Any CPU
		{06A629F3-EEC6-4CDF-A5A2-CD611A2E4BF5}.Release|Any CPU.Build.0 = Release|Any CPU
		{B23D7213-9A02-4C38-AF81-ABE6E6073864}.Debug|Any CPU.ActiveCfg = Debug|Any CPU
		{B23D7213-9A02-4C38-AF81-ABE6E6073864}.Debug|Any CPU.Build.0 = Debug|Any CPU
		{B23D7213-9A02-4C38-AF81-ABE6E6073864}.Release|Any CPU.ActiveCfg = Release|Any CPU
		{B23D7213-9A02-4C38-AF81-ABE6E6073864}.Release|Any CPU.Build.0 = Release|Any CPU
		{E621D95B-F648-4BDE-A465-D278428E3BA8}.Debug|Any CPU.ActiveCfg = Debug|Any CPU
		{E621D95B-F648-4BDE-A465-D278428E3BA8}.Debug|Any CPU.Build.0 = Debug|Any CPU
		{E621D95B-F648-4BDE-A465-D278428E3BA8}.Release|Any CPU.ActiveCfg = Release|Any CPU
		{E621D95B-F648-4BDE-A465-D278428E3BA8}.Release|Any CPU.Build.0 = Release|Any CPU
		{28846677-1958-4E37-B9CB-79F3F400D261}.Debug|Any CPU.ActiveCfg = Debug|Any CPU
		{28846677-1958-4E37-B9CB-79F3F400D261}.Debug|Any CPU.Build.0 = Debug|Any CPU
		{28846677-1958-4E37-B9CB-79F3F400D261}.Release|Any CPU.ActiveCfg = Release|Any CPU
		{28846677-1958-4E37-B9CB-79F3F400D261}.Release|Any CPU.Build.0 = Release|Any CPU
		{B55F64FB-38D0-48E8-85FA-732747CED9ED}.Debug|Any CPU.ActiveCfg = Debug|Any CPU
		{B55F64FB-38D0-48E8-85FA-732747CED9ED}.Debug|Any CPU.Build.0 = Debug|Any CPU
		{B55F64FB-38D0-48E8-85FA-732747CED9ED}.Release|Any CPU.ActiveCfg = Release|Any CPU
		{B55F64FB-38D0-48E8-85FA-732747CED9ED}.Release|Any CPU.Build.0 = Release|Any CPU
		{9137565A-DF1B-48DC-B1CC-A940DD1A2594}.Debug|Any CPU.ActiveCfg = Debug|Any CPU
		{9137565A-DF1B-48DC-B1CC-A940DD1A2594}.Debug|Any CPU.Build.0 = Debug|Any CPU
		{9137565A-DF1B-48DC-B1CC-A940DD1A2594}.Release|Any CPU.ActiveCfg = Release|Any CPU
		{9137565A-DF1B-48DC-B1CC-A940DD1A2594}.Release|Any CPU.Build.0 = Release|Any CPU
		{6395773C-4077-4F35-9132-001B33623EB1}.Debug|Any CPU.ActiveCfg = Debug|Any CPU
		{6395773C-4077-4F35-9132-001B33623EB1}.Debug|Any CPU.Build.0 = Debug|Any CPU
		{6395773C-4077-4F35-9132-001B33623EB1}.Release|Any CPU.ActiveCfg = Release|Any CPU
		{6395773C-4077-4F35-9132-001B33623EB1}.Release|Any CPU.Build.0 = Release|Any CPU
		{CDA3450C-F3D8-4102-AC49-A8901703E22F}.Debug|Any CPU.ActiveCfg = Debug|Any CPU
		{CDA3450C-F3D8-4102-AC49-A8901703E22F}.Debug|Any CPU.Build.0 = Debug|Any CPU
		{CDA3450C-F3D8-4102-AC49-A8901703E22F}.Release|Any CPU.ActiveCfg = Release|Any CPU
		{CDA3450C-F3D8-4102-AC49-A8901703E22F}.Release|Any CPU.Build.0 = Release|Any CPU
		{B0A1464E-36D2-47D3-90B0-EE787B7A1E2E}.Debug|Any CPU.ActiveCfg = Debug|Any CPU
		{B0A1464E-36D2-47D3-90B0-EE787B7A1E2E}.Debug|Any CPU.Build.0 = Debug|Any CPU
		{B0A1464E-36D2-47D3-90B0-EE787B7A1E2E}.Release|Any CPU.ActiveCfg = Release|Any CPU
		{B0A1464E-36D2-47D3-90B0-EE787B7A1E2E}.Release|Any CPU.Build.0 = Release|Any CPU
		{235CB9C9-082F-4EEB-99A4-D63CCCEE56E1}.Debug|Any CPU.ActiveCfg = Debug|Any CPU
		{235CB9C9-082F-4EEB-99A4-D63CCCEE56E1}.Debug|Any CPU.Build.0 = Debug|Any CPU
		{235CB9C9-082F-4EEB-99A4-D63CCCEE56E1}.Release|Any CPU.ActiveCfg = Release|Any CPU
		{235CB9C9-082F-4EEB-99A4-D63CCCEE56E1}.Release|Any CPU.Build.0 = Release|Any CPU
		{9261A047-169A-4C63-846B-108E23088E77}.Debug|Any CPU.ActiveCfg = Debug|Any CPU
		{9261A047-169A-4C63-846B-108E23088E77}.Debug|Any CPU.Build.0 = Debug|Any CPU
		{9261A047-169A-4C63-846B-108E23088E77}.Release|Any CPU.ActiveCfg = Release|Any CPU
		{9261A047-169A-4C63-846B-108E23088E77}.Release|Any CPU.Build.0 = Release|Any CPU
		{88B6A50A-1504-4615-BC43-275427F4197E}.Debug|Any CPU.ActiveCfg = Debug|Any CPU
		{88B6A50A-1504-4615-BC43-275427F4197E}.Debug|Any CPU.Build.0 = Debug|Any CPU
		{88B6A50A-1504-4615-BC43-275427F4197E}.Release|Any CPU.ActiveCfg = Release|Any CPU
		{88B6A50A-1504-4615-BC43-275427F4197E}.Release|Any CPU.Build.0 = Release|Any CPU
		{4A5A4C31-100D-4766-BE45-0BC7BFB2E402}.Debug|Any CPU.ActiveCfg = Debug|Any CPU
		{4A5A4C31-100D-4766-BE45-0BC7BFB2E402}.Debug|Any CPU.Build.0 = Debug|Any CPU
		{4A5A4C31-100D-4766-BE45-0BC7BFB2E402}.Release|Any CPU.ActiveCfg = Release|Any CPU
		{4A5A4C31-100D-4766-BE45-0BC7BFB2E402}.Release|Any CPU.Build.0 = Release|Any CPU
		{7CB64380-2C5A-4FE6-A214-4F66BEC6D5CF}.Debug|Any CPU.ActiveCfg = Debug|Any CPU
		{7CB64380-2C5A-4FE6-A214-4F66BEC6D5CF}.Debug|Any CPU.Build.0 = Debug|Any CPU
		{7CB64380-2C5A-4FE6-A214-4F66BEC6D5CF}.Release|Any CPU.ActiveCfg = Release|Any CPU
		{7CB64380-2C5A-4FE6-A214-4F66BEC6D5CF}.Release|Any CPU.Build.0 = Release|Any CPU
		{E4013B82-326D-47FA-82BF-44D08C10B80B}.Debug|Any CPU.ActiveCfg = Debug|Any CPU
		{E4013B82-326D-47FA-82BF-44D08C10B80B}.Debug|Any CPU.Build.0 = Debug|Any CPU
		{E4013B82-326D-47FA-82BF-44D08C10B80B}.Release|Any CPU.ActiveCfg = Release|Any CPU
		{E4013B82-326D-47FA-82BF-44D08C10B80B}.Release|Any CPU.Build.0 = Release|Any CPU
	EndGlobalSection
	GlobalSection(SolutionProperties) = preSolution
		HideSolutionNode = FALSE
	EndGlobalSection
	GlobalSection(NestedProjects) = preSolution
		{A580E69D-299C-49FA-B073-91F9F1FC8BC8} = {0BC51CC7-EB46-4FE5-82D6-E4EC30ECB8A4}
		{05D9A575-CA73-4D61-B8D1-1AC2D02C14EE} = {0BC51CC7-EB46-4FE5-82D6-E4EC30ECB8A4}
		{06A629F3-EEC6-4CDF-A5A2-CD611A2E4BF5} = {0BC51CC7-EB46-4FE5-82D6-E4EC30ECB8A4}
		{B23D7213-9A02-4C38-AF81-ABE6E6073864} = {0BC51CC7-EB46-4FE5-82D6-E4EC30ECB8A4}
		{E621D95B-F648-4BDE-A465-D278428E3BA8} = {0BC51CC7-EB46-4FE5-82D6-E4EC30ECB8A4}
		{28846677-1958-4E37-B9CB-79F3F400D261} = {0BC51CC7-EB46-4FE5-82D6-E4EC30ECB8A4}
		{9137565A-DF1B-48DC-B1CC-A940DD1A2594} = {0BC51CC7-EB46-4FE5-82D6-E4EC30ECB8A4}
		{6395773C-4077-4F35-9132-001B33623EB1} = {D79DDAD0-7111-4FD5-BDA0-3CE5312CD04A}
		{CDA3450C-F3D8-4102-AC49-A8901703E22F} = {0BC51CC7-EB46-4FE5-82D6-E4EC30ECB8A4}
		{B0A1464E-36D2-47D3-90B0-EE787B7A1E2E} = {D4E20658-E3B7-447E-97BA-D0509C0E1932}
		{235CB9C9-082F-4EEB-99A4-D63CCCEE56E1} = {4256C97E-D22E-4C3B-925E-7B349490C26A}
		{9261A047-169A-4C63-846B-108E23088E77} = {4256C97E-D22E-4C3B-925E-7B349490C26A}
		{88B6A50A-1504-4615-BC43-275427F4197E} = {C61D8553-A7BB-48F0-86FA-82F33AE52722}
		{7CB64380-2C5A-4FE6-A214-4F66BEC6D5CF} = {0BC51CC7-EB46-4FE5-82D6-E4EC30ECB8A4}
		{E4013B82-326D-47FA-82BF-44D08C10B80B} = {0BC51CC7-EB46-4FE5-82D6-E4EC30ECB8A4}
	EndGlobalSection
	GlobalSection(ExtensibilityGlobals) = postSolution
		SolutionGuid = {79BF8878-5EA8-446C-A79D-1324F1393C33}
	EndGlobalSection
EndGlobal
